
Microsoft Visual Studio Solution File, Format Version 12.00
# Visual Studio Version 17
VisualStudioVersion = 17.5.33516.290
MinimumVisualStudioVersion = 10.0.40219.1
Project("{FAE04EC0-301F-11D3-BF4B-00C04F79EFBC}") = "Aula5", "Aula5.csproj", "{21CA2C5F-A80A-47CF-BDA5-B87C9B8A7A9F}"
EndProject
Global
	GlobalSection(SolutionConfigurationPlatforms) = preSolution
		Debug|Any CPU = Debug|Any CPU
		Release|Any CPU = Release|Any CPU
	EndGlobalSection
	GlobalSection(ProjectConfigurationPlatforms) = postSolution
		{21CA2C5F-A80A-47CF-BDA5-B87C9B8A7A9F}.Debug|Any CPU.ActiveCfg = Debug|Any CPU
		{21CA2C5F-A80A-47CF-BDA5-B87C9B8A7A9F}.Debug|Any CPU.Build.0 = Debug|Any CPU
		{21CA2C5F-A80A-47CF-BDA5-B87C9B8A7A9F}.Release|Any CPU.ActiveCfg = Release|Any CPU
		{21CA2C5F-A80A-47CF-BDA5-B87C9B8A7A9F}.Release|Any CPU.Build.0 = Release|Any CPU
	EndGlobalSection
	GlobalSection(SolutionProperties) = preSolution
		HideSolutionNode = FALSE
	EndGlobalSection
	GlobalSection(ExtensibilityGlobals) = postSolution
		SolutionGuid = {32A770FB-90CB-4688-B044-64ABF763852B}
	EndGlobalSection
EndGlobal
